
Microsoft Visual Studio Solution File, Format Version 12.00
# Visual Studio Version 17
VisualStudioVersion = 17.5.33516.290
MinimumVisualStudioVersion = 10.0.40219.1
Project("{9A19103F-16F7-4668-BE54-9A1E7A4F7556}") = "ViteLambda", "ViteLambda\ViteLambda.csproj", "{67B94119-1587-40E1-9EB3-61DB342557BB}"
EndProject
Project("{9A19103F-16F7-4668-BE54-9A1E7A4F7556}") = "ViteLambda.Tests", "ViteLambda.Tests\ViteLambda.Tests.csproj", "{EB352A52-19E8-4FC2-A55B-C6D3786663D5}"
EndProject
Global
	GlobalSection(SolutionConfigurationPlatforms) = preSolution
		Debug|Any CPU = Debug|Any CPU
		Release|Any CPU = Release|Any CPU
	EndGlobalSection
	GlobalSection(ProjectConfigurationPlatforms) = postSolution
		{67B94119-1587-40E1-9EB3-61DB342557BB}.Debug|Any CPU.ActiveCfg = Debug|Any CPU
		{67B94119-1587-40E1-9EB3-61DB342557BB}.Debug|Any CPU.Build.0 = Debug|Any CPU
		{67B94119-1587-40E1-9EB3-61DB342557BB}.Release|Any CPU.ActiveCfg = Release|Any CPU
		{67B94119-1587-40E1-9EB3-61DB342557BB}.Release|Any CPU.Build.0 = Release|Any CPU
		{EB352A52-19E8-4FC2-A55B-C6D3786663D5}.Debug|Any CPU.ActiveCfg = Debug|Any CPU
		{EB352A52-19E8-4FC2-A55B-C6D3786663D5}.Debug|Any CPU.Build.0 = Debug|Any CPU
		{EB352A52-19E8-4FC2-A55B-C6D3786663D5}.Release|Any CPU.ActiveCfg = Release|Any CPU
		{EB352A52-19E8-4FC2-A55B-C6D3786663D5}.Release|Any CPU.Build.0 = Release|Any CPU
	EndGlobalSection
	GlobalSection(SolutionProperties) = preSolution
		HideSolutionNode = FALSE
	EndGlobalSection
	GlobalSection(ExtensibilityGlobals) = postSolution
		SolutionGuid = {B131C72E-A8A6-440E-8AA0-4F4AB6C65FF1}
	EndGlobalSection
EndGlobal
